
Microsoft Visual Studio Solution File, Format Version 12.00
# Visual Studio 15
VisualStudioVersion = 15.0.28307.757
MinimumVisualStudioVersion = 10.0.40219.1
Project("{159641D6-6404-4A2A-AE62-294DE0FE8301}") = "ETL", "ETL\ETL.dtproj", "{7DC52150-63E2-4D0C-902A-1218A0F862F7}"
EndProject
Global
	GlobalSection(SolutionConfigurationPlatforms) = preSolution
		Development|Default = Development|Default
	EndGlobalSection
	GlobalSection(ProjectConfigurationPlatforms) = postSolution
		{7DC52150-63E2-4D0C-902A-1218A0F862F7}.Development|Default.ActiveCfg = Development
		{7DC52150-63E2-4D0C-902A-1218A0F862F7}.Development|Default.Build.0 = Development
	EndGlobalSection
	GlobalSection(SolutionProperties) = preSolution
		HideSolutionNode = FALSE
	EndGlobalSection
	GlobalSection(ExtensibilityGlobals) = postSolution
		SolutionGuid = {F47CF1D2-1CC9-4948-9CA9-D182FDD08BCE}
	EndGlobalSection
EndGlobal
